{
  "name": "rf_combinator",
  "version": "1.0.0",
  "lockfileVersion": 3,
  "requires": true,
  "packages": {
    "": {
      "name": "rf_combinator",
      "version": "1.0.0",
      "license": "ISC",
      "dependencies": {
        "rf_shared": "file:../rf_shared"
      }
    },
    "../rf_shared": {
      "version": "1.0.0",
      "license": "ISC"
    },
    "node_modules/rf_shared": {
      "resolved": "../rf_shared",
      "link": true
    }
  }
}
